// !$*UTF8*$!
{
	archiveVersion = 1;
	classes = {
	};
	objectVersion = 56;
	objects = {

/* Begin PBXBuildFile section */
		54093DF99382C0434D46DD4F /* Pods_MovieApp.framework in Frameworks */ = {isa = PBXBuildFile; fileRef = 2C5434F7977A085A3EBEA69A /* Pods_MovieApp.framework */; };
		DF04A601293F157D0009DCAF /* APIConstants.swift in Sources */ = {isa = PBXBuildFile; fileRef = DF04A600293F157D0009DCAF /* APIConstants.swift */; };
		DF04A603293F1BED0009DCAF /* DataProvider.swift in Sources */ = {isa = PBXBuildFile; fileRef = DF04A602293F1BED0009DCAF /* DataProvider.swift */; };
		DF04A605293F248F0009DCAF /* NetworkHandler.swift in Sources */ = {isa = PBXBuildFile; fileRef = DF04A604293F248F0009DCAF /* NetworkHandler.swift */; };
		DF04A609293F2F910009DCAF /* NetworkService.swift in Sources */ = {isa = PBXBuildFile; fileRef = DF04A608293F2F910009DCAF /* NetworkService.swift */; };
		DF04A60B293F2FC80009DCAF /* NetworkMethod.swift in Sources */ = {isa = PBXBuildFile; fileRef = DF04A60A293F2FC80009DCAF /* NetworkMethod.swift */; };
		DF04A611293F302F0009DCAF /* Parceable.swift in Sources */ = {isa = PBXBuildFile; fileRef = DF04A60D293F302F0009DCAF /* Parceable.swift */; };
		DF04A612293F302F0009DCAF /* ReachabilityError.swift in Sources */ = {isa = PBXBuildFile; fileRef = DF04A60F293F302F0009DCAF /* ReachabilityError.swift */; };
		DF04A613293F302F0009DCAF /* Reachability.swift in Sources */ = {isa = PBXBuildFile; fileRef = DF04A610293F302F0009DCAF /* Reachability.swift */; };
		DF505D8029404F7800425958 /* MovieFeedViewModel.swift in Sources */ = {isa = PBXBuildFile; fileRef = DF505D7F29404F7800425958 /* MovieFeedViewModel.swift */; };
		DF505D832940551500425958 /* ListViewModel.swift in Sources */ = {isa = PBXBuildFile; fileRef = DF505D822940551500425958 /* ListViewModel.swift */; };
		DF505D8829405D2B00425958 /* MovieLayout.swift in Sources */ = {isa = PBXBuildFile; fileRef = DF505D8729405D2B00425958 /* MovieLayout.swift */; };
		DF505D8A2940602A00425958 /* UIViewController.swift in Sources */ = {isa = PBXBuildFile; fileRef = DF505D892940602A00425958 /* UIViewController.swift */; };
		DF505D8C294095A700425958 /* SearchViewModel.swift in Sources */ = {isa = PBXBuildFile; fileRef = DF505D8B294095A700425958 /* SearchViewModel.swift */; };
		DF71A489293C498600B16868 /* LaunchScreen.storyboard in Resources */ = {isa = PBXBuildFile; fileRef = DF71A482293C498600B16868 /* LaunchScreen.storyboard */; };
		DF71A48A293C498600B16868 /* Main.storyboard in Resources */ = {isa = PBXBuildFile; fileRef = DF71A483293C498600B16868 /* Main.storyboard */; };
		DF71A48C293C55A000B16868 /* MovieFeedViewController.swift in Sources */ = {isa = PBXBuildFile; fileRef = DF71A48B293C55A000B16868 /* MovieFeedViewController.swift */; };
		DF71A48E293C55A900B16868 /* SearchViewController.swift in Sources */ = {isa = PBXBuildFile; fileRef = DF71A48D293C55A900B16868 /* SearchViewController.swift */; };
		DF71A490293C55B200B16868 /* FavoritesViewController.swift in Sources */ = {isa = PBXBuildFile; fileRef = DF71A48F293C55B200B16868 /* FavoritesViewController.swift */; };
		DF71A492293C5D4800B16868 /* MovieFeed.swift in Sources */ = {isa = PBXBuildFile; fileRef = DF71A491293C5D4800B16868 /* MovieFeed.swift */; };
		DF71A494293C5DD000B16868 /* MovieDetails.swift in Sources */ = {isa = PBXBuildFile; fileRef = DF71A493293C5DD000B16868 /* MovieDetails.swift */; };
		DF71A496293C60CE00B16868 /* MovieCell.swift in Sources */ = {isa = PBXBuildFile; fileRef = DF71A495293C60CE00B16868 /* MovieCell.swift */; };
		DF71A498293C60D600B16868 /* MovieCell.xib in Resources */ = {isa = PBXBuildFile; fileRef = DF71A497293C60D600B16868 /* MovieCell.xib */; };
		DFD13131294223A0005B4928 /* MovieDetailsCell.xib in Resources */ = {isa = PBXBuildFile; fileRef = DFD13130294223A0005B4928 /* MovieDetailsCell.xib */; };
		DFD13133294223A7005B4928 /* MovieDetailsCell.swift in Sources */ = {isa = PBXBuildFile; fileRef = DFD13132294223A7005B4928 /* MovieDetailsCell.swift */; };
		DFD13135294225FB005B4928 /* MovieDetailsViewController.swift in Sources */ = {isa = PBXBuildFile; fileRef = DFD13134294225FB005B4928 /* MovieDetailsViewController.swift */; };
		DFD131372942267F005B4928 /* MovieDetailsViewModel.swift in Sources */ = {isa = PBXBuildFile; fileRef = DFD131362942267F005B4928 /* MovieDetailsViewModel.swift */; };
		DFD1313929422F06005B4928 /* AttributedString.swift in Sources */ = {isa = PBXBuildFile; fileRef = DFD1313829422F06005B4928 /* AttributedString.swift */; };
		DFD618F8293C432C00122409 /* AppDelegate.swift in Sources */ = {isa = PBXBuildFile; fileRef = DFD618F7293C432C00122409 /* AppDelegate.swift */; };
		DFD618FA293C432C00122409 /* SceneDelegate.swift in Sources */ = {isa = PBXBuildFile; fileRef = DFD618F9293C432C00122409 /* SceneDelegate.swift */; };
		DFD61901293C432D00122409 /* Assets.xcassets in Resources */ = {isa = PBXBuildFile; fileRef = DFD61900293C432D00122409 /* Assets.xcassets */; };
/* End PBXBuildFile section */

/* Begin PBXFileReference section */
		2C5434F7977A085A3EBEA69A /* Pods_MovieApp.framework */ = {isa = PBXFileReference; explicitFileType = wrapper.framework; includeInIndex = 0; path = Pods_MovieApp.framework; sourceTree = BUILT_PRODUCTS_DIR; };
		B29E139C2A191C78A127DAA3 /* Pods-MovieApp.release.xcconfig */ = {isa = PBXFileReference; includeInIndex = 1; lastKnownFileType = text.xcconfig; name = "Pods-MovieApp.release.xcconfig"; path = "Target Support Files/Pods-MovieApp/Pods-MovieApp.release.xcconfig"; sourceTree = "<group>"; };
		DF04A600293F157D0009DCAF /* APIConstants.swift */ = {isa = PBXFileReference; lastKnownFileType = sourcecode.swift; path = APIConstants.swift; sourceTree = "<group>"; };
		DF04A602293F1BED0009DCAF /* DataProvider.swift */ = {isa = PBXFileReference; lastKnownFileType = sourcecode.swift; path = DataProvider.swift; sourceTree = "<group>"; };
		DF04A604293F248F0009DCAF /* NetworkHandler.swift */ = {isa = PBXFileReference; lastKnownFileType = sourcecode.swift; path = NetworkHandler.swift; sourceTree = "<group>"; };
		DF04A608293F2F910009DCAF /* NetworkService.swift */ = {isa = PBXFileReference; lastKnownFileType = sourcecode.swift; path = NetworkService.swift; sourceTree = "<group>"; };
		DF04A60A293F2FC80009DCAF /* NetworkMethod.swift */ = {isa = PBXFileReference; lastKnownFileType = sourcecode.swift; path = NetworkMethod.swift; sourceTree = "<group>"; };
		DF04A60D293F302F0009DCAF /* Parceable.swift */ = {isa = PBXFileReference; fileEncoding = 4; lastKnownFileType = sourcecode.swift; path = Parceable.swift; sourceTree = "<group>"; };
		DF04A60F293F302F0009DCAF /* ReachabilityError.swift */ = {isa = PBXFileReference; fileEncoding = 4; lastKnownFileType = sourcecode.swift; path = ReachabilityError.swift; sourceTree = "<group>"; };
		DF04A610293F302F0009DCAF /* Reachability.swift */ = {isa = PBXFileReference; fileEncoding = 4; lastKnownFileType = sourcecode.swift; path = Reachability.swift; sourceTree = "<group>"; };
		DF505D7F29404F7800425958 /* MovieFeedViewModel.swift */ = {isa = PBXFileReference; lastKnownFileType = sourcecode.swift; path = MovieFeedViewModel.swift; sourceTree = "<group>"; };
		DF505D822940551500425958 /* ListViewModel.swift */ = {isa = PBXFileReference; lastKnownFileType = sourcecode.swift; path = ListViewModel.swift; sourceTree = "<group>"; };
		DF505D8729405D2B00425958 /* MovieLayout.swift */ = {isa = PBXFileReference; lastKnownFileType = sourcecode.swift; path = MovieLayout.swift; sourceTree = "<group>"; };
		DF505D892940602A00425958 /* UIViewController.swift */ = {isa = PBXFileReference; lastKnownFileType = sourcecode.swift; path = UIViewController.swift; sourceTree = "<group>"; };
		DF505D8B294095A700425958 /* SearchViewModel.swift */ = {isa = PBXFileReference; lastKnownFileType = sourcecode.swift; path = SearchViewModel.swift; sourceTree = "<group>"; };
		DF71A482293C498600B16868 /* LaunchScreen.storyboard */ = {isa = PBXFileReference; fileEncoding = 4; lastKnownFileType = file.storyboard; path = LaunchScreen.storyboard; sourceTree = "<group>"; };
		DF71A483293C498600B16868 /* Main.storyboard */ = {isa = PBXFileReference; fileEncoding = 4; lastKnownFileType = file.storyboard; path = Main.storyboard; sourceTree = "<group>"; };
		DF71A48B293C55A000B16868 /* MovieFeedViewController.swift */ = {isa = PBXFileReference; lastKnownFileType = sourcecode.swift; path = MovieFeedViewController.swift; sourceTree = "<group>"; };
		DF71A48D293C55A900B16868 /* SearchViewController.swift */ = {isa = PBXFileReference; lastKnownFileType = sourcecode.swift; path = SearchViewController.swift; sourceTree = "<group>"; };
		DF71A48F293C55B200B16868 /* FavoritesViewController.swift */ = {isa = PBXFileReference; lastKnownFileType = sourcecode.swift; path = FavoritesViewController.swift; sourceTree = "<group>"; };
		DF71A491293C5D4800B16868 /* MovieFeed.swift */ = {isa = PBXFileReference; lastKnownFileType = sourcecode.swift; path = MovieFeed.swift; sourceTree = "<group>"; };
		DF71A493293C5DD000B16868 /* MovieDetails.swift */ = {isa = PBXFileReference; lastKnownFileType = sourcecode.swift; path = MovieDetails.swift; sourceTree = "<group>"; };
		DF71A495293C60CE00B16868 /* MovieCell.swift */ = {isa = PBXFileReference; lastKnownFileType = sourcecode.swift; path = MovieCell.swift; sourceTree = "<group>"; };
		DF71A497293C60D600B16868 /* MovieCell.xib */ = {isa = PBXFileReference; lastKnownFileType = file.xib; path = MovieCell.xib; sourceTree = "<group>"; };
		DFD13130294223A0005B4928 /* MovieDetailsCell.xib */ = {isa = PBXFileReference; lastKnownFileType = file.xib; path = MovieDetailsCell.xib; sourceTree = "<group>"; };
		DFD13132294223A7005B4928 /* MovieDetailsCell.swift */ = {isa = PBXFileReference; lastKnownFileType = sourcecode.swift; path = MovieDetailsCell.swift; sourceTree = "<group>"; };
		DFD13134294225FB005B4928 /* MovieDetailsViewController.swift */ = {isa = PBXFileReference; lastKnownFileType = sourcecode.swift; path = MovieDetailsViewController.swift; sourceTree = "<group>"; };
		DFD131362942267F005B4928 /* MovieDetailsViewModel.swift */ = {isa = PBXFileReference; lastKnownFileType = sourcecode.swift; path = MovieDetailsViewModel.swift; sourceTree = "<group>"; };
		DFD1313829422F06005B4928 /* AttributedString.swift */ = {isa = PBXFileReference; lastKnownFileType = sourcecode.swift; path = AttributedString.swift; sourceTree = "<group>"; };
		DFD618F4293C432C00122409 /* MovieApp.app */ = {isa = PBXFileReference; explicitFileType = wrapper.application; includeInIndex = 0; path = MovieApp.app; sourceTree = BUILT_PRODUCTS_DIR; };
		DFD618F7293C432C00122409 /* AppDelegate.swift */ = {isa = PBXFileReference; lastKnownFileType = sourcecode.swift; path = AppDelegate.swift; sourceTree = "<group>"; };
		DFD618F9293C432C00122409 /* SceneDelegate.swift */ = {isa = PBXFileReference; lastKnownFileType = sourcecode.swift; path = SceneDelegate.swift; sourceTree = "<group>"; };
		DFD61900293C432D00122409 /* Assets.xcassets */ = {isa = PBXFileReference; lastKnownFileType = folder.assetcatalog; path = Assets.xcassets; sourceTree = "<group>"; };
		DFD61905293C432D00122409 /* Info.plist */ = {isa = PBXFileReference; lastKnownFileType = text.plist.xml; path = Info.plist; sourceTree = "<group>"; };
		E1814DCFD1460E047779C8FE /* Pods-MovieApp.debug.xcconfig */ = {isa = PBXFileReference; includeInIndex = 1; lastKnownFileType = text.xcconfig; name = "Pods-MovieApp.debug.xcconfig"; path = "Target Support Files/Pods-MovieApp/Pods-MovieApp.debug.xcconfig"; sourceTree = "<group>"; };
/* End PBXFileReference section */

/* Begin PBXFrameworksBuildPhase section */
		DFD618F1293C432C00122409 /* Frameworks */ = {
			isa = PBXFrameworksBuildPhase;
			buildActionMask = 2147483647;
			files = (
				54093DF99382C0434D46DD4F /* Pods_MovieApp.framework in Frameworks */,
			);
			runOnlyForDeploymentPostprocessing = 0;
		};
/* End PBXFrameworksBuildPhase section */

/* Begin PBXGroup section */
		0EDC93C7379AC9CFBB6BBCD0 /* Frameworks */ = {
			isa = PBXGroup;
			children = (
				2C5434F7977A085A3EBEA69A /* Pods_MovieApp.framework */,
			);
			name = Frameworks;
			sourceTree = "<group>";
		};
		D59ABE780E6B4BBF68DB832F /* Pods */ = {
			isa = PBXGroup;
			children = (
				E1814DCFD1460E047779C8FE /* Pods-MovieApp.debug.xcconfig */,
				B29E139C2A191C78A127DAA3 /* Pods-MovieApp.release.xcconfig */,
			);
			path = Pods;
			sourceTree = "<group>";
		};
		DF04A60C293F302F0009DCAF /* Parser */ = {
			isa = PBXGroup;
			children = (
				DF04A60D293F302F0009DCAF /* Parceable.swift */,
			);
			path = Parser;
			sourceTree = "<group>";
		};
		DF04A60E293F302F0009DCAF /* Reachability */ = {
			isa = PBXGroup;
			children = (
				DF04A60F293F302F0009DCAF /* ReachabilityError.swift */,
				DF04A610293F302F0009DCAF /* Reachability.swift */,
			);
			path = Reachability;
			sourceTree = "<group>";
		};
		DF505D7C29404D6800425958 /* FlowLayout */ = {
			isa = PBXGroup;
			children = (
				DF505D8729405D2B00425958 /* MovieLayout.swift */,
			);
			path = FlowLayout;
			sourceTree = "<group>";
		};
		DF505D812940550700425958 /* Protocol */ = {
			isa = PBXGroup;
			children = (
				DF505D822940551500425958 /* ListViewModel.swift */,
			);
			path = Protocol;
			sourceTree = "<group>";
		};
		DF71A47E293C498600B16868 /* Extension */ = {
			isa = PBXGroup;
			children = (
				DF505D892940602A00425958 /* UIViewController.swift */,
				DFD1313829422F06005B4928 /* AttributedString.swift */,
			);
			path = Extension;
			sourceTree = "<group>";
		};
		DF71A47F293C498600B16868 /* Model */ = {
			isa = PBXGroup;
			children = (
				DF71A491293C5D4800B16868 /* MovieFeed.swift */,
				DF71A493293C5DD000B16868 /* MovieDetails.swift */,
			);
			path = Model;
			sourceTree = "<group>";
		};
		DF71A480293C498600B16868 /* View */ = {
			isa = PBXGroup;
			children = (
				DF71A481293C498600B16868 /* Storyboard */,
				DF71A484293C498600B16868 /* Cell */,
				DF71A485293C498600B16868 /* ViewController */,
			);
			path = View;
			sourceTree = "<group>";
		};
		DF71A481293C498600B16868 /* Storyboard */ = {
			isa = PBXGroup;
			children = (
				DF71A482293C498600B16868 /* LaunchScreen.storyboard */,
				DF71A483293C498600B16868 /* Main.storyboard */,
			);
			path = Storyboard;
			sourceTree = "<group>";
		};
		DF71A484293C498600B16868 /* Cell */ = {
			isa = PBXGroup;
			children = (
				DF71A495293C60CE00B16868 /* MovieCell.swift */,
				DF71A497293C60D600B16868 /* MovieCell.xib */,
				DFD13132294223A7005B4928 /* MovieDetailsCell.swift */,
				DFD13130294223A0005B4928 /* MovieDetailsCell.xib */,
			);
			path = Cell;
			sourceTree = "<group>";
		};
		DF71A485293C498600B16868 /* ViewController */ = {
			isa = PBXGroup;
			children = (
				DF71A48B293C55A000B16868 /* MovieFeedViewController.swift */,
				DF71A48D293C55A900B16868 /* SearchViewController.swift */,
				DF71A48F293C55B200B16868 /* FavoritesViewController.swift */,
				DFD13134294225FB005B4928 /* MovieDetailsViewController.swift */,
				DF505D7C29404D6800425958 /* FlowLayout */,
			);
			path = ViewController;
			sourceTree = "<group>";
		};
		DF71A486293C498600B16868 /* ViewModel */ = {
			isa = PBXGroup;
			children = (
				DF505D812940550700425958 /* Protocol */,
				DF505D7F29404F7800425958 /* MovieFeedViewModel.swift */,
				DF505D8B294095A700425958 /* SearchViewModel.swift */,
				DFD131362942267F005B4928 /* MovieDetailsViewModel.swift */,
			);
			path = ViewModel;
			sourceTree = "<group>";
		};
		DF71A487293C498600B16868 /* Networking */ = {
			isa = PBXGroup;
			children = (
				DF04A600293F157D0009DCAF /* APIConstants.swift */,
				DF04A604293F248F0009DCAF /* NetworkHandler.swift */,
				DF04A608293F2F910009DCAF /* NetworkService.swift */,
				DF04A60A293F2FC80009DCAF /* NetworkMethod.swift */,
				DF04A60C293F302F0009DCAF /* Parser */,
				DF04A60E293F302F0009DCAF /* Reachability */,
			);
			path = Networking;
			sourceTree = "<group>";
		};
		DF71A488293C498600B16868 /* DataProvider */ = {
			isa = PBXGroup;
			children = (
				DF04A602293F1BED0009DCAF /* DataProvider.swift */,
			);
			path = DataProvider;
			sourceTree = "<group>";
		};
		DFD618EB293C432C00122409 = {
			isa = PBXGroup;
			children = (
				DFD618F6293C432C00122409 /* MovieApp */,
				DFD618F5293C432C00122409 /* Products */,
				D59ABE780E6B4BBF68DB832F /* Pods */,
				0EDC93C7379AC9CFBB6BBCD0 /* Frameworks */,
			);
			sourceTree = "<group>";
		};
		DFD618F5293C432C00122409 /* Products */ = {
			isa = PBXGroup;
			children = (
				DFD618F4293C432C00122409 /* MovieApp.app */,
			);
			name = Products;
			sourceTree = "<group>";
		};
		DFD618F6293C432C00122409 /* MovieApp */ = {
			isa = PBXGroup;
			children = (
				DF71A47F293C498600B16868 /* Model */,
				DF71A480293C498600B16868 /* View */,
				DF71A486293C498600B16868 /* ViewModel */,
				DF71A488293C498600B16868 /* DataProvider */,
				DF71A487293C498600B16868 /* Networking */,
				DF71A47E293C498600B16868 /* Extension */,
				DFD618F7293C432C00122409 /* AppDelegate.swift */,
				DFD618F9293C432C00122409 /* SceneDelegate.swift */,
				DFD61900293C432D00122409 /* Assets.xcassets */,
				DFD61905293C432D00122409 /* Info.plist */,
			);
			path = MovieApp;
			sourceTree = "<group>";
		};
/* End PBXGroup section */

/* Begin PBXNativeTarget section */
		DFD618F3293C432C00122409 /* MovieApp */ = {
			isa = PBXNativeTarget;
			buildConfigurationList = DFD61908293C432D00122409 /* Build configuration list for PBXNativeTarget "MovieApp" */;
			buildPhases = (
				9C114D554F1021DA75B847BD /* [CP] Check Pods Manifest.lock */,
				DFD618F0293C432C00122409 /* Sources */,
				DFD618F1293C432C00122409 /* Frameworks */,
				DFD618F2293C432C00122409 /* Resources */,
				C4C41A819DD7843EAA7EAFB5 /* [CP] Embed Pods Frameworks */,
			);
			buildRules = (
			);
			dependencies = (
			);
			name = MovieApp;
			productName = MovieApp;
			productReference = DFD618F4293C432C00122409 /* MovieApp.app */;
			productType = "com.apple.product-type.application";
		};
/* End PBXNativeTarget section */

/* Begin PBXProject section */
		DFD618EC293C432C00122409 /* Project object */ = {
			isa = PBXProject;
			attributes = {
				BuildIndependentTargetsInParallel = 1;
				LastSwiftUpdateCheck = 1400;
				LastUpgradeCheck = 1400;
				TargetAttributes = {
					DFD618F3293C432C00122409 = {
						CreatedOnToolsVersion = 14.0;
					};
				};
			};
			buildConfigurationList = DFD618EF293C432C00122409 /* Build configuration list for PBXProject "MovieApp" */;
			compatibilityVersion = "Xcode 14.0";
			developmentRegion = en;
			hasScannedForEncodings = 0;
			knownRegions = (
				en,
				Base,
			);
			mainGroup = DFD618EB293C432C00122409;
			productRefGroup = DFD618F5293C432C00122409 /* Products */;
			projectDirPath = "";
			projectRoot = "";
			targets = (
				DFD618F3293C432C00122409 /* MovieApp */,
			);
		};
/* End PBXProject section */

/* Begin PBXResourcesBuildPhase section */
		DFD618F2293C432C00122409 /* Resources */ = {
			isa = PBXResourcesBuildPhase;
			buildActionMask = 2147483647;
			files = (
				DF71A48A293C498600B16868 /* Main.storyboard in Resources */,
				DFD61901293C432D00122409 /* Assets.xcassets in Resources */,
				DF71A498293C60D600B16868 /* MovieCell.xib in Resources */,
				DFD13131294223A0005B4928 /* MovieDetailsCell.xib in Resources */,
				DF71A489293C498600B16868 /* LaunchScreen.storyboard in Resources */,
			);
			runOnlyForDeploymentPostprocessing = 0;
		};
/* End PBXResourcesBuildPhase section */

/* Begin PBXShellScriptBuildPhase section */
		9C114D554F1021DA75B847BD /* [CP] Check Pods Manifest.lock */ = {
			isa = PBXShellScriptBuildPhase;
			buildActionMask = 2147483647;
			files = (
			);
			inputFileListPaths = (
			);
			inputPaths = (
				"${PODS_PODFILE_DIR_PATH}/Podfile.lock",
				"${PODS_ROOT}/Manifest.lock",
			);
			name = "[CP] Check Pods Manifest.lock";
			outputFileListPaths = (
			);
			outputPaths = (
				"$(DERIVED_FILE_DIR)/Pods-MovieApp-checkManifestLockResult.txt",
			);
			runOnlyForDeploymentPostprocessing = 0;
			shellPath = /bin/sh;
			shellScript = "diff \"${PODS_PODFILE_DIR_PATH}/Podfile.lock\" \"${PODS_ROOT}/Manifest.lock\" > /dev/null\nif [ $? != 0 ] ; then\n    # print error to STDERR\n    echo \"error: The sandbox is not in sync with the Podfile.lock. Run 'pod install' or update your CocoaPods installation.\" >&2\n    exit 1\nfi\n# This output is used by Xcode 'outputs' to avoid re-running this script phase.\necho \"SUCCESS\" > \"${SCRIPT_OUTPUT_FILE_0}\"\n";
			showEnvVarsInLog = 0;
		};
		C4C41A819DD7843EAA7EAFB5 /* [CP] Embed Pods Frameworks */ = {
			isa = PBXShellScriptBuildPhase;
			buildActionMask = 2147483647;
			files = (
			);
			inputFileListPaths = (
				"${PODS_ROOT}/Target Support Files/Pods-MovieApp/Pods-MovieApp-frameworks-${CONFIGURATION}-input-files.xcfilelist",
			);
			name = "[CP] Embed Pods Frameworks";
			outputFileListPaths = (
				"${PODS_ROOT}/Target Support Files/Pods-MovieApp/Pods-MovieApp-frameworks-${CONFIGURATION}-output-files.xcfilelist",
			);
			runOnlyForDeploymentPostprocessing = 0;
			shellPath = /bin/sh;
			shellScript = "\"${PODS_ROOT}/Target Support Files/Pods-MovieApp/Pods-MovieApp-frameworks.sh\"\n";
			showEnvVarsInLog = 0;
		};
/* End PBXShellScriptBuildPhase section */

/* Begin PBXSourcesBuildPhase section */
		DFD618F0293C432C00122409 /* Sources */ = {
			isa = PBXSourcesBuildPhase;
			buildActionMask = 2147483647;
			files = (
				DFD131372942267F005B4928 /* MovieDetailsViewModel.swift in Sources */,
				DFD618F8293C432C00122409 /* AppDelegate.swift in Sources */,
				DF04A612293F302F0009DCAF /* ReachabilityError.swift in Sources */,
				DF505D8829405D2B00425958 /* MovieLayout.swift in Sources */,
				DF04A60B293F2FC80009DCAF /* NetworkMethod.swift in Sources */,
				DF04A605293F248F0009DCAF /* NetworkHandler.swift in Sources */,
				DF71A494293C5DD000B16868 /* MovieDetails.swift in Sources */,
				DFD13133294223A7005B4928 /* MovieDetailsCell.swift in Sources */,
				DFD13135294225FB005B4928 /* MovieDetailsViewController.swift in Sources */,
				DF04A603293F1BED0009DCAF /* DataProvider.swift in Sources */,
				DF71A496293C60CE00B16868 /* MovieCell.swift in Sources */,
				DFD1313929422F06005B4928 /* AttributedString.swift in Sources */,
				DF505D8029404F7800425958 /* MovieFeedViewModel.swift in Sources */,
				DF71A48C293C55A000B16868 /* MovieFeedViewController.swift in Sources */,
				DF71A48E293C55A900B16868 /* SearchViewController.swift in Sources */,
				DF04A601293F157D0009DCAF /* APIConstants.swift in Sources */,
				DF04A611293F302F0009DCAF /* Parceable.swift in Sources */,
				DF71A490293C55B200B16868 /* FavoritesViewController.swift in Sources */,
				DF505D8A2940602A00425958 /* UIViewController.swift in Sources */,
				DF505D8C294095A700425958 /* SearchViewModel.swift in Sources */,
				DF71A492293C5D4800B16868 /* MovieFeed.swift in Sources */,
				DF505D832940551500425958 /* ListViewModel.swift in Sources */,
				DF04A609293F2F910009DCAF /* NetworkService.swift in Sources */,
				DF04A613293F302F0009DCAF /* Reachability.swift in Sources */,
				DFD618FA293C432C00122409 /* SceneDelegate.swift in Sources */,
			);
			runOnlyForDeploymentPostprocessing = 0;
		};
/* End PBXSourcesBuildPhase section */

/* Begin XCBuildConfiguration section */
		DFD61906293C432D00122409 /* Debug */ = {
			isa = XCBuildConfiguration;
			buildSettings = {
				ALWAYS_SEARCH_USER_PATHS = NO;
				CLANG_ANALYZER_NONNULL = YES;
				CLANG_ANALYZER_NUMBER_OBJECT_CONVERSION = YES_AGGRESSIVE;
				CLANG_CXX_LANGUAGE_STANDARD = "gnu++20";
				CLANG_ENABLE_MODULES = YES;
				CLANG_ENABLE_OBJC_ARC = YES;
				CLANG_ENABLE_OBJC_WEAK = YES;
				CLANG_WARN_BLOCK_CAPTURE_AUTORELEASING = YES;
				CLANG_WARN_BOOL_CONVERSION = YES;
				CLANG_WARN_COMMA = YES;
				CLANG_WARN_CONSTANT_CONVERSION = YES;
				CLANG_WARN_DEPRECATED_OBJC_IMPLEMENTATIONS = YES;
				CLANG_WARN_DIRECT_OBJC_ISA_USAGE = YES_ERROR;
				CLANG_WARN_DOCUMENTATION_COMMENTS = YES;
				CLANG_WARN_EMPTY_BODY = YES;
				CLANG_WARN_ENUM_CONVERSION = YES;
				CLANG_WARN_INFINITE_RECURSION = YES;
				CLANG_WARN_INT_CONVERSION = YES;
				CLANG_WARN_NON_LITERAL_NULL_CONVERSION = YES;
				CLANG_WARN_OBJC_IMPLICIT_RETAIN_SELF = YES;
				CLANG_WARN_OBJC_LITERAL_CONVERSION = YES;
				CLANG_WARN_OBJC_ROOT_CLASS = YES_ERROR;
				CLANG_WARN_QUOTED_INCLUDE_IN_FRAMEWORK_HEADER = YES;
				CLANG_WARN_RANGE_LOOP_ANALYSIS = YES;
				CLANG_WARN_STRICT_PROTOTYPES = YES;
				CLANG_WARN_SUSPICIOUS_MOVE = YES;
				CLANG_WARN_UNGUARDED_AVAILABILITY = YES_AGGRESSIVE;
				CLANG_WARN_UNREACHABLE_CODE = YES;
				CLANG_WARN__DUPLICATE_METHOD_MATCH = YES;
				COPY_PHASE_STRIP = NO;
				DEBUG_INFORMATION_FORMAT = dwarf;
				ENABLE_STRICT_OBJC_MSGSEND = YES;
				ENABLE_TESTABILITY = YES;
				GCC_C_LANGUAGE_STANDARD = gnu11;
				GCC_DYNAMIC_NO_PIC = NO;
				GCC_NO_COMMON_BLOCKS = YES;
				GCC_OPTIMIZATION_LEVEL = 0;
				GCC_PREPROCESSOR_DEFINITIONS = (
					"DEBUG=1",
					"$(inherited)",
				);
				GCC_WARN_64_TO_32_BIT_CONVERSION = YES;
				GCC_WARN_ABOUT_RETURN_TYPE = YES_ERROR;
				GCC_WARN_UNDECLARED_SELECTOR = YES;
				GCC_WARN_UNINITIALIZED_AUTOS = YES_AGGRESSIVE;
				GCC_WARN_UNUSED_FUNCTION = YES;
				GCC_WARN_UNUSED_VARIABLE = YES;
				IPHONEOS_DEPLOYMENT_TARGET = 16.0;
				MTL_ENABLE_DEBUG_INFO = INCLUDE_SOURCE;
				MTL_FAST_MATH = YES;
				ONLY_ACTIVE_ARCH = YES;
				SDKROOT = iphoneos;
				SWIFT_ACTIVE_COMPILATION_CONDITIONS = DEBUG;
				SWIFT_OPTIMIZATION_LEVEL = "-Onone";
			};
			name = Debug;
		};
		DFD61907293C432D00122409 /* Release */ = {
			isa = XCBuildConfiguration;
			buildSettings = {
				ALWAYS_SEARCH_USER_PATHS = NO;
				CLANG_ANALYZER_NONNULL = YES;
				CLANG_ANALYZER_NUMBER_OBJECT_CONVERSION = YES_AGGRESSIVE;
				CLANG_CXX_LANGUAGE_STANDARD = "gnu++20";
				CLANG_ENABLE_MODULES = YES;
				CLANG_ENABLE_OBJC_ARC = YES;
				CLANG_ENABLE_OBJC_WEAK = YES;
				CLANG_WARN_BLOCK_CAPTURE_AUTORELEASING = YES;
				CLANG_WARN_BOOL_CONVERSION = YES;
				CLANG_WARN_COMMA = YES;
				CLANG_WARN_CONSTANT_CONVERSION = YES;
				CLANG_WARN_DEPRECATED_OBJC_IMPLEMENTATIONS = YES;
				CLANG_WARN_DIRECT_OBJC_ISA_USAGE = YES_ERROR;
				CLANG_WARN_DOCUMENTATION_COMMENTS = YES;
				CLANG_WARN_EMPTY_BODY = YES;
				CLANG_WARN_ENUM_CONVERSION = YES;
				CLANG_WARN_INFINITE_RECURSION = YES;
				CLANG_WARN_INT_CONVERSION = YES;
				CLANG_WARN_NON_LITERAL_NULL_CONVERSION = YES;
				CLANG_WARN_OBJC_IMPLICIT_RETAIN_SELF = YES;
				CLANG_WARN_OBJC_LITERAL_CONVERSION = YES;
				CLANG_WARN_OBJC_ROOT_CLASS = YES_ERROR;
				CLANG_WARN_QUOTED_INCLUDE_IN_FRAMEWORK_HEADER = YES;
				CLANG_WARN_RANGE_LOOP_ANALYSIS = YES;
				CLANG_WARN_STRICT_PROTOTYPES = YES;
				CLANG_WARN_SUSPICIOUS_MOVE = YES;
				CLANG_WARN_UNGUARDED_AVAILABILITY = YES_AGGRESSIVE;
				CLANG_WARN_UNREACHABLE_CODE = YES;
				CLANG_WARN__DUPLICATE_METHOD_MATCH = YES;
				COPY_PHASE_STRIP = NO;
				DEBUG_INFORMATION_FORMAT = "dwarf-with-dsym";
				ENABLE_NS_ASSERTIONS = NO;
				ENABLE_STRICT_OBJC_MSGSEND = YES;
				GCC_C_LANGUAGE_STANDARD = gnu11;
				GCC_NO_COMMON_BLOCKS = YES;
				GCC_WARN_64_TO_32_BIT_CONVERSION = YES;
				GCC_WARN_ABOUT_RETURN_TYPE = YES_ERROR;
				GCC_WARN_UNDECLARED_SELECTOR = YES;
				GCC_WARN_UNINITIALIZED_AUTOS = YES_AGGRESSIVE;
				GCC_WARN_UNUSED_FUNCTION = YES;
				GCC_WARN_UNUSED_VARIABLE = YES;
				IPHONEOS_DEPLOYMENT_TARGET = 16.0;
				MTL_ENABLE_DEBUG_INFO = NO;
				MTL_FAST_MATH = YES;
				SDKROOT = iphoneos;
				SWIFT_COMPILATION_MODE = wholemodule;
				SWIFT_OPTIMIZATION_LEVEL = "-O";
				VALIDATE_PRODUCT = YES;
			};
			name = Release;
		};
		DFD61909293C432D00122409 /* Debug */ = {
			isa = XCBuildConfiguration;
			baseConfigurationReference = E1814DCFD1460E047779C8FE /* Pods-MovieApp.debug.xcconfig */;
			buildSettings = {
				ASSETCATALOG_COMPILER_APPICON_NAME = AppIcon;
				ASSETCATALOG_COMPILER_GLOBAL_ACCENT_COLOR_NAME = AccentColor;
				CODE_SIGN_STYLE = Automatic;
				CURRENT_PROJECT_VERSION = 1;
				GENERATE_INFOPLIST_FILE = YES;
				INFOPLIST_FILE = MovieApp/Info.plist;
				INFOPLIST_KEY_UIApplicationSupportsIndirectInputEvents = YES;
				INFOPLIST_KEY_UILaunchStoryboardName = LaunchScreen;
				INFOPLIST_KEY_UIMainStoryboardFile = Main;
				INFOPLIST_KEY_UISupportedInterfaceOrientations_iPad = "UIInterfaceOrientationPortrait UIInterfaceOrientationPortraitUpsideDown UIInterfaceOrientationLandscapeLeft UIInterfaceOrientationLandscapeRight";
				INFOPLIST_KEY_UISupportedInterfaceOrientations_iPhone = "UIInterfaceOrientationPortrait UIInterfaceOrientationLandscapeLeft UIInterfaceOrientationLandscapeRight";
				IPHONEOS_DEPLOYMENT_TARGET = 13.0;
				LD_RUNPATH_SEARCH_PATHS = (
					"$(inherited)",
					"@executable_path/Frameworks",
				);
				MARKETING_VERSION = 1.0;
				PRODUCT_BUNDLE_IDENTIFIER = com.MovieApp;
				PRODUCT_NAME = "$(TARGET_NAME)";
				SWIFT_EMIT_LOC_STRINGS = YES;
				SWIFT_VERSION = 5.0;
				TARGETED_DEVICE_FAMILY = "1,2";
			};
			name = Debug;
		};
		DFD6190A293C432D00122409 /* Release */ = {
			isa = XCBuildConfiguration;
			baseConfigurationReference = B29E139C2A191C78A127DAA3 /* Pods-MovieApp.release.xcconfig */;
			buildSettings = {
				ASSETCATALOG_COMPILER_APPICON_NAME = AppIcon;
				ASSETCATALOG_COMPILER_GLOBAL_ACCENT_COLOR_NAME = AccentColor;
				CODE_SIGN_STYLE = Automatic;
				CURRENT_PROJECT_VERSION = 1;
				GENERATE_INFOPLIST_FILE = YES;
				INFOPLIST_FILE = MovieApp/Info.plist;
				INFOPLIST_KEY_UIApplicationSupportsIndirectInputEvents = YES;
				INFOPLIST_KEY_UILaunchStoryboardName = LaunchScreen;
				INFOPLIST_KEY_UIMainStoryboardFile = Main;
				INFOPLIST_KEY_UISupportedInterfaceOrientations_iPad = "UIInterfaceOrientationPortrait UIInterfaceOrientationPortraitUpsideDown UIInterfaceOrientationLandscapeLeft UIInterfaceOrientationLandscapeRight";
				INFOPLIST_KEY_UISupportedInterfaceOrientations_iPhone = "UIInterfaceOrientationPortrait UIInterfaceOrientationLandscapeLeft UIInterfaceOrientationLandscapeRight";
				IPHONEOS_DEPLOYMENT_TARGET = 13.0;
				LD_RUNPATH_SEARCH_PATHS = (
					"$(inherited)",
					"@executable_path/Frameworks",
				);
				MARKETING_VERSION = 1.0;
				PRODUCT_BUNDLE_IDENTIFIER = com.MovieApp;
				PRODUCT_NAME = "$(TARGET_NAME)";
				SWIFT_EMIT_LOC_STRINGS = YES;
				SWIFT_VERSION = 5.0;
				TARGETED_DEVICE_FAMILY = "1,2";
			};
			name = Release;
		};
/* End XCBuildConfiguration section */

/* Begin XCConfigurationList section */
		DFD618EF293C432C00122409 /* Build configuration list for PBXProject "MovieApp" */ = {
			isa = XCConfigurationList;
			buildConfigurations = (
				DFD61906293C432D00122409 /* Debug */,
				DFD61907293C432D00122409 /* Release */,
			);
			defaultConfigurationIsVisible = 0;
			defaultConfigurationName = Release;
		};
		DFD61908293C432D00122409 /* Build configuration list for PBXNativeTarget "MovieApp" */ = {
			isa = XCConfigurationList;
			buildConfigurations = (
				DFD61909293C432D00122409 /* Debug */,
				DFD6190A293C432D00122409 /* Release */,
			);
			defaultConfigurationIsVisible = 0;
			defaultConfigurationName = Release;
		};
/* End XCConfigurationList section */
	};
	rootObject = DFD618EC293C432C00122409 /* Project object */;
}
